// !$*UTF8*$!
{
	archiveVersion = 1;
	classes = {
	};
	objectVersion = 56;
	objects = {

/* Begin PBXBuildFile section */
		3A24C858895B5434D431001E /* Pods_Wanted_Mission.framework in Frameworks */ = {isa = PBXBuildFile; fileRef = 49F9FD639E15DF0230824B1B /* Pods_Wanted_Mission.framework */; };
		AFAAE7AC299E3DFF002C50E0 /* AppDelegate.swift in Sources */ = {isa = PBXBuildFile; fileRef = AFAAE7AB299E3DFF002C50E0 /* AppDelegate.swift */; };
		AFAAE7AE299E3DFF002C50E0 /* SceneDelegate.swift in Sources */ = {isa = PBXBuildFile; fileRef = AFAAE7AD299E3DFF002C50E0 /* SceneDelegate.swift */; };
		AFAAE7B0299E3DFF002C50E0 /* ViewController.swift in Sources */ = {isa = PBXBuildFile; fileRef = AFAAE7AF299E3DFF002C50E0 /* ViewController.swift */; };
		AFAAE7B3299E3DFF002C50E0 /* Main.storyboard in Resources */ = {isa = PBXBuildFile; fileRef = AFAAE7B1299E3DFF002C50E0 /* Main.storyboard */; };
		AFAAE7B5299E3E01002C50E0 /* Assets.xcassets in Resources */ = {isa = PBXBuildFile; fileRef = AFAAE7B4299E3E01002C50E0 /* Assets.xcassets */; };
		AFAAE7B8299E3E01002C50E0 /* LaunchScreen.storyboard in Resources */ = {isa = PBXBuildFile; fileRef = AFAAE7B6299E3E01002C50E0 /* LaunchScreen.storyboard */; };
/* End PBXBuildFile section */

/* Begin PBXFileReference section */
		49F9FD639E15DF0230824B1B /* Pods_Wanted_Mission.framework */ = {isa = PBXFileReference; explicitFileType = wrapper.framework; includeInIndex = 0; path = Pods_Wanted_Mission.framework; sourceTree = BUILT_PRODUCTS_DIR; };
		5708AFED2C0A85DCC2CDB025 /* Pods-Wanted Mission.debug.xcconfig */ = {isa = PBXFileReference; includeInIndex = 1; lastKnownFileType = text.xcconfig; name = "Pods-Wanted Mission.debug.xcconfig"; path = "Target Support Files/Pods-Wanted Mission/Pods-Wanted Mission.debug.xcconfig"; sourceTree = "<group>"; };
		AFAAE7A8299E3DFF002C50E0 /* Wanted Mission.app */ = {isa = PBXFileReference; explicitFileType = wrapper.application; includeInIndex = 0; path = "Wanted Mission.app"; sourceTree = BUILT_PRODUCTS_DIR; };
		AFAAE7AB299E3DFF002C50E0 /* AppDelegate.swift */ = {isa = PBXFileReference; lastKnownFileType = sourcecode.swift; path = AppDelegate.swift; sourceTree = "<group>"; };
		AFAAE7AD299E3DFF002C50E0 /* SceneDelegate.swift */ = {isa = PBXFileReference; lastKnownFileType = sourcecode.swift; path = SceneDelegate.swift; sourceTree = "<group>"; };
		AFAAE7AF299E3DFF002C50E0 /* ViewController.swift */ = {isa = PBXFileReference; lastKnownFileType = sourcecode.swift; path = ViewController.swift; sourceTree = "<group>"; };
		AFAAE7B2299E3DFF002C50E0 /* Base */ = {isa = PBXFileReference; lastKnownFileType = file.storyboard; name = Base; path = Base.lproj/Main.storyboard; sourceTree = "<group>"; };
		AFAAE7B4299E3E01002C50E0 /* Assets.xcassets */ = {isa = PBXFileReference; lastKnownFileType = folder.assetcatalog; path = Assets.xcassets; sourceTree = "<group>"; };
		AFAAE7B7299E3E01002C50E0 /* Base */ = {isa = PBXFileReference; lastKnownFileType = file.storyboard; name = Base; path = Base.lproj/LaunchScreen.storyboard; sourceTree = "<group>"; };
		AFAAE7B9299E3E01002C50E0 /* Info.plist */ = {isa = PBXFileReference; lastKnownFileType = text.plist.xml; path = Info.plist; sourceTree = "<group>"; };
		F09DD4E690C1B8015CAF5FA5 /* Pods-Wanted Mission.release.xcconfig */ = {isa = PBXFileReference; includeInIndex = 1; lastKnownFileType = text.xcconfig; name = "Pods-Wanted Mission.release.xcconfig"; path = "Target Support Files/Pods-Wanted Mission/Pods-Wanted Mission.release.xcconfig"; sourceTree = "<group>"; };
/* End PBXFileReference section */

/* Begin PBXFrameworksBuildPhase section */
		AFAAE7A5299E3DFF002C50E0 /* Frameworks */ = {
			isa = PBXFrameworksBuildPhase;
			buildActionMask = 2147483647;
			files = (
				3A24C858895B5434D431001E /* Pods_Wanted_Mission.framework in Frameworks */,
			);
			runOnlyForDeploymentPostprocessing = 0;
		};
/* End PBXFrameworksBuildPhase section */

/* Begin PBXGroup section */
		3139B16829B77481F13E4D22 /* Pods */ = {
			isa = PBXGroup;
			children = (
				5708AFED2C0A85DCC2CDB025 /* Pods-Wanted Mission.debug.xcconfig */,
				F09DD4E690C1B8015CAF5FA5 /* Pods-Wanted Mission.release.xcconfig */,
			);
			name = Pods;
			path = Pods;
			sourceTree = "<group>";
		};
		AFAAE79F299E3DFF002C50E0 = {
			isa = PBXGroup;
			children = (
				AFAAE7AA299E3DFF002C50E0 /* Wanted Mission */,
				AFAAE7A9299E3DFF002C50E0 /* Products */,
				3139B16829B77481F13E4D22 /* Pods */,
				E56E353FB4D6D39299FB3D0A /* Frameworks */,
			);
			sourceTree = "<group>";
		};
		AFAAE7A9299E3DFF002C50E0 /* Products */ = {
			isa = PBXGroup;
			children = (
				AFAAE7A8299E3DFF002C50E0 /* Wanted Mission.app */,
			);
			name = Products;
			sourceTree = "<group>";
		};
		AFAAE7AA299E3DFF002C50E0 /* Wanted Mission */ = {
			isa = PBXGroup;
			children = (
				AFAAE7AB299E3DFF002C50E0 /* AppDelegate.swift */,
				AFAAE7AD299E3DFF002C50E0 /* SceneDelegate.swift */,
				AFAAE7AF299E3DFF002C50E0 /* ViewController.swift */,
				AFAAE7B1299E3DFF002C50E0 /* Main.storyboard */,
				AFAAE7B4299E3E01002C50E0 /* Assets.xcassets */,
				AFAAE7B6299E3E01002C50E0 /* LaunchScreen.storyboard */,
				AFAAE7B9299E3E01002C50E0 /* Info.plist */,
			);
			path = "Wanted Mission";
			sourceTree = "<group>";
		};
		E56E353FB4D6D39299FB3D0A /* Frameworks */ = {
			isa = PBXGroup;
			children = (
				49F9FD639E15DF0230824B1B /* Pods_Wanted_Mission.framework */,
			);
			name = Frameworks;
			sourceTree = "<group>";
		};
/* End PBXGroup section */

/* Begin PBXNativeTarget section */
		AFAAE7A7299E3DFF002C50E0 /* Wanted Mission */ = {
			isa = PBXNativeTarget;
			buildConfigurationList = AFAAE7BC299E3E01002C50E0 /* Build configuration list for PBXNativeTarget "Wanted Mission" */;
			buildPhases = (
				5A83EF17B19D4263B844C12F /* [CP] Check Pods Manifest.lock */,
				AFAAE7A4299E3DFF002C50E0 /* Sources */,
				AFAAE7A5299E3DFF002C50E0 /* Frameworks */,
				AFAAE7A6299E3DFF002C50E0 /* Resources */,
				D32F7CD2C2A762C51F0B0BCF /* [CP] Embed Pods Frameworks */,
			);
			buildRules = (
			);
			dependencies = (
			);
			name = "Wanted Mission";
			productName = "Wanted Mission";
			productReference = AFAAE7A8299E3DFF002C50E0 /* Wanted Mission.app */;
			productType = "com.apple.product-type.application";
		};
/* End PBXNativeTarget section */

/* Begin PBXProject section */
		AFAAE7A0299E3DFF002C50E0 /* Project object */ = {
			isa = PBXProject;
			attributes = {
				BuildIndependentTargetsInParallel = 1;
				LastSwiftUpdateCheck = 1420;
				LastUpgradeCheck = 1420;
				TargetAttributes = {
					AFAAE7A7299E3DFF002C50E0 = {
						CreatedOnToolsVersion = 14.2;
					};
				};
			};
			buildConfigurationList = AFAAE7A3299E3DFF002C50E0 /* Build configuration list for PBXProject "Wanted Mission" */;
			compatibilityVersion = "Xcode 14.0";
			developmentRegion = en;
			hasScannedForEncodings = 0;
			knownRegions = (
				en,
				Base,
			);
			mainGroup = AFAAE79F299E3DFF002C50E0;
			productRefGroup = AFAAE7A9299E3DFF002C50E0 /* Products */;
			projectDirPath = "";
			projectRoot = "";
			targets = (
				AFAAE7A7299E3DFF002C50E0 /* Wanted Mission */,
			);
		};
/* End PBXProject section */

/* Begin PBXResourcesBuildPhase section */
		AFAAE7A6299E3DFF002C50E0 /* Resources */ = {
			isa = PBXResourcesBuildPhase;
			buildActionMask = 2147483647;
			files = (
				AFAAE7B8299E3E01002C50E0 /* LaunchScreen.storyboard in Resources */,
				AFAAE7B5299E3E01002C50E0 /* Assets.xcassets in Resources */,
				AFAAE7B3299E3DFF002C50E0 /* Main.storyboard in Resources */,
			);
			runOnlyForDeploymentPostprocessing = 0;
		};
/* End PBXResourcesBuildPhase section */

/* Begin PBXShellScriptBuildPhase section */
		5A83EF17B19D4263B844C12F /* [CP] Check Pods Manifest.lock */ = {
			isa = PBXShellScriptBuildPhase;
			buildActionMask = 2147483647;
			files = (
			);
			inputFileListPaths = (
			);
			inputPaths = (
				"${PODS_PODFILE_DIR_PATH}/Podfile.lock",
				"${PODS_ROOT}/Manifest.lock",
			);
			name = "[CP] Check Pods Manifest.lock";
			outputFileListPaths = (
			);
			outputPaths = (
				"$(DERIVED_FILE_DIR)/Pods-Wanted Mission-checkManifestLockResult.txt",
			);
			runOnlyForDeploymentPostprocessing = 0;
			shellPath = /bin/sh;
			shellScript = "diff \"${PODS_PODFILE_DIR_PATH}/Podfile.lock\" \"${PODS_ROOT}/Manifest.lock\" > /dev/null\nif [ $? != 0 ] ; then\n    # print error to STDERR\n    echo \"error: The sandbox is not in sync with the Podfile.lock. Run 'pod install' or update your CocoaPods installation.\" >&2\n    exit 1\nfi\n# This output is used by Xcode 'outputs' to avoid re-running this script phase.\necho \"SUCCESS\" > \"${SCRIPT_OUTPUT_FILE_0}\"\n";
			showEnvVarsInLog = 0;
		};
		D32F7CD2C2A762C51F0B0BCF /* [CP] Embed Pods Frameworks */ = {
			isa = PBXShellScriptBuildPhase;
			buildActionMask = 2147483647;
			files = (
			);
			inputFileListPaths = (
				"${PODS_ROOT}/Target Support Files/Pods-Wanted Mission/Pods-Wanted Mission-frameworks-${CONFIGURATION}-input-files.xcfilelist",
			);
			name = "[CP] Embed Pods Frameworks";
			outputFileListPaths = (
				"${PODS_ROOT}/Target Support Files/Pods-Wanted Mission/Pods-Wanted Mission-frameworks-${CONFIGURATION}-output-files.xcfilelist",
			);
			runOnlyForDeploymentPostprocessing = 0;
			shellPath = /bin/sh;
			shellScript = "\"${PODS_ROOT}/Target Support Files/Pods-Wanted Mission/Pods-Wanted Mission-frameworks.sh\"\n";
			showEnvVarsInLog = 0;
		};
/* End PBXShellScriptBuildPhase section */

/* Begin PBXSourcesBuildPhase section */
		AFAAE7A4299E3DFF002C50E0 /* Sources */ = {
			isa = PBXSourcesBuildPhase;
			buildActionMask = 2147483647;
			files = (
				AFAAE7B0299E3DFF002C50E0 /* ViewController.swift in Sources */,
				AFAAE7AC299E3DFF002C50E0 /* AppDelegate.swift in Sources */,
				AFAAE7AE299E3DFF002C50E0 /* SceneDelegate.swift in Sources */,
			);
			runOnlyForDeploymentPostprocessing = 0;
		};
/* End PBXSourcesBuildPhase section */

/* Begin PBXVariantGroup section */
		AFAAE7B1299E3DFF002C50E0 /* Main.storyboard */ = {
			isa = PBXVariantGroup;
			children = (
				AFAAE7B2299E3DFF002C50E0 /* Base */,
			);
			name = Main.storyboard;
			sourceTree = "<group>";
		};
		AFAAE7B6299E3E01002C50E0 /* LaunchScreen.storyboard */ = {
			isa = PBXVariantGroup;
			children = (
				AFAAE7B7299E3E01002C50E0 /* Base */,
			);
			name = LaunchScreen.storyboard;
			sourceTree = "<group>";
		};
/* End PBXVariantGroup section */

/* Begin XCBuildConfiguration section */
		AFAAE7BA299E3E01002C50E0 /* Debug */ = {
			isa = XCBuildConfiguration;
			buildSettings = {
				ALWAYS_SEARCH_USER_PATHS = NO;
				CLANG_ANALYZER_NONNULL = YES;
				CLANG_ANALYZER_NUMBER_OBJECT_CONVERSION = YES_AGGRESSIVE;
				CLANG_CXX_LANGUAGE_STANDARD = "gnu++20";
				CLANG_ENABLE_MODULES = YES;
				CLANG_ENABLE_OBJC_ARC = YES;
				CLANG_ENABLE_OBJC_WEAK = YES;
				CLANG_WARN_BLOCK_CAPTURE_AUTORELEASING = YES;
				CLANG_WARN_BOOL_CONVERSION = YES;
				CLANG_WARN_COMMA = YES;
				CLANG_WARN_CONSTANT_CONVERSION = YES;
				CLANG_WARN_DEPRECATED_OBJC_IMPLEMENTATIONS = YES;
				CLANG_WARN_DIRECT_OBJC_ISA_USAGE = YES_ERROR;
				CLANG_WARN_DOCUMENTATION_COMMENTS = YES;
				CLANG_WARN_EMPTY_BODY = YES;
				CLANG_WARN_ENUM_CONVERSION = YES;
				CLANG_WARN_INFINITE_RECURSION = YES;
				CLANG_WARN_INT_CONVERSION = YES;
				CLANG_WARN_NON_LITERAL_NULL_CONVERSION = YES;
				CLANG_WARN_OBJC_IMPLICIT_RETAIN_SELF = YES;
				CLANG_WARN_OBJC_LITERAL_CONVERSION = YES;
				CLANG_WARN_OBJC_ROOT_CLASS = YES_ERROR;
				CLANG_WARN_QUOTED_INCLUDE_IN_FRAMEWORK_HEADER = YES;
				CLANG_WARN_RANGE_LOOP_ANALYSIS = YES;
				CLANG_WARN_STRICT_PROTOTYPES = YES;
				CLANG_WARN_SUSPICIOUS_MOVE = YES;
				CLANG_WARN_UNGUARDED_AVAILABILITY = YES_AGGRESSIVE;
				CLANG_WARN_UNREACHABLE_CODE = YES;
				CLANG_WARN__DUPLICATE_METHOD_MATCH = YES;
				COPY_PHASE_STRIP = NO;
				DEBUG_INFORMATION_FORMAT = dwarf;
				ENABLE_STRICT_OBJC_MSGSEND = YES;
				ENABLE_TESTABILITY = YES;
				GCC_C_LANGUAGE_STANDARD = gnu11;
				GCC_DYNAMIC_NO_PIC = NO;
				GCC_NO_COMMON_BLOCKS = YES;
				GCC_OPTIMIZATION_LEVEL = 0;
				GCC_PREPROCESSOR_DEFINITIONS = (
					"DEBUG=1",
					"$(inherited)",
				);
				GCC_WARN_64_TO_32_BIT_CONVERSION = YES;
				GCC_WARN_ABOUT_RETURN_TYPE = YES_ERROR;
				GCC_WARN_UNDECLARED_SELECTOR = YES;
				GCC_WARN_UNINITIALIZED_AUTOS = YES_AGGRESSIVE;
				GCC_WARN_UNUSED_FUNCTION = YES;
				GCC_WARN_UNUSED_VARIABLE = YES;
				IPHONEOS_DEPLOYMENT_TARGET = 16.2;
				MTL_ENABLE_DEBUG_INFO = INCLUDE_SOURCE;
				MTL_FAST_MATH = YES;
				ONLY_ACTIVE_ARCH = YES;
				SDKROOT = iphoneos;
				SWIFT_ACTIVE_COMPILATION_CONDITIONS = DEBUG;
				SWIFT_OPTIMIZATION_LEVEL = "-Onone";
			};
			name = Debug;
		};
		AFAAE7BB299E3E01002C50E0 /* Release */ = {
			isa = XCBuildConfiguration;
			buildSettings = {
				ALWAYS_SEARCH_USER_PATHS = NO;
				CLANG_ANALYZER_NONNULL = YES;
				CLANG_ANALYZER_NUMBER_OBJECT_CONVERSION = YES_AGGRESSIVE;
				CLANG_CXX_LANGUAGE_STANDARD = "gnu++20";
				CLANG_ENABLE_MODULES = YES;
				CLANG_ENABLE_OBJC_ARC = YES;
				CLANG_ENABLE_OBJC_WEAK = YES;
				CLANG_WARN_BLOCK_CAPTURE_AUTORELEASING = YES;
				CLANG_WARN_BOOL_CONVERSION = YES;
				CLANG_WARN_COMMA = YES;
				CLANG_WARN_CONSTANT_CONVERSION = YES;
				CLANG_WARN_DEPRECATED_OBJC_IMPLEMENTATIONS = YES;
				CLANG_WARN_DIRECT_OBJC_ISA_USAGE = YES_ERROR;
				CLANG_WARN_DOCUMENTATION_COMMENTS = YES;
				CLANG_WARN_EMPTY_BODY = YES;
				CLANG_WARN_ENUM_CONVERSION = YES;
				CLANG_WARN_INFINITE_RECURSION = YES;
				CLANG_WARN_INT_CONVERSION = YES;
				CLANG_WARN_NON_LITERAL_NULL_CONVERSION = YES;
				CLANG_WARN_OBJC_IMPLICIT_RETAIN_SELF = YES;
				CLANG_WARN_OBJC_LITERAL_CONVERSION = YES;
				CLANG_WARN_OBJC_ROOT_CLASS = YES_ERROR;
				CLANG_WARN_QUOTED_INCLUDE_IN_FRAMEWORK_HEADER = YES;
				CLANG_WARN_RANGE_LOOP_ANALYSIS = YES;
				CLANG_WARN_STRICT_PROTOTYPES = YES;
				CLANG_WARN_SUSPICIOUS_MOVE = YES;
				CLANG_WARN_UNGUARDED_AVAILABILITY = YES_AGGRESSIVE;
				CLANG_WARN_UNREACHABLE_CODE = YES;
				CLANG_WARN__DUPLICATE_METHOD_MATCH = YES;
				COPY_PHASE_STRIP = NO;
				DEBUG_INFORMATION_FORMAT = "dwarf-with-dsym";
				ENABLE_NS_ASSERTIONS = NO;
				ENABLE_STRICT_OBJC_MSGSEND = YES;
				GCC_C_LANGUAGE_STANDARD = gnu11;
				GCC_NO_COMMON_BLOCKS = YES;
				GCC_WARN_64_TO_32_BIT_CONVERSION = YES;
				GCC_WARN_ABOUT_RETURN_TYPE = YES_ERROR;
				GCC_WARN_UNDECLARED_SELECTOR = YES;
				GCC_WARN_UNINITIALIZED_AUTOS = YES_AGGRESSIVE;
				GCC_WARN_UNUSED_FUNCTION = YES;
				GCC_WARN_UNUSED_VARIABLE = YES;
				IPHONEOS_DEPLOYMENT_TARGET = 16.2;
				MTL_ENABLE_DEBUG_INFO = NO;
				MTL_FAST_MATH = YES;
				SDKROOT = iphoneos;
				SWIFT_COMPILATION_MODE = wholemodule;
				SWIFT_OPTIMIZATION_LEVEL = "-O";
				VALIDATE_PRODUCT = YES;
			};
			name = Release;
		};
		AFAAE7BD299E3E01002C50E0 /* Debug */ = {
			isa = XCBuildConfiguration;
			baseConfigurationReference = 5708AFED2C0A85DCC2CDB025 /* Pods-Wanted Mission.debug.xcconfig */;
			buildSettings = {
				ASSETCATALOG_COMPILER_APPICON_NAME = AppIcon;
				ASSETCATALOG_COMPILER_GLOBAL_ACCENT_COLOR_NAME = AccentColor;
				CODE_SIGN_STYLE = Automatic;
				CURRENT_PROJECT_VERSION = 1;
				DEVELOPMENT_TEAM = 3MPUPGQ33J;
				GENERATE_INFOPLIST_FILE = YES;
				INFOPLIST_FILE = "Wanted Mission/Info.plist";
				INFOPLIST_KEY_UIApplicationSupportsIndirectInputEvents = YES;
				INFOPLIST_KEY_UILaunchStoryboardName = LaunchScreen;
				INFOPLIST_KEY_UIMainStoryboardFile = Main;
				INFOPLIST_KEY_UISupportedInterfaceOrientations_iPad = "UIInterfaceOrientationPortrait UIInterfaceOrientationPortraitUpsideDown UIInterfaceOrientationLandscapeLeft UIInterfaceOrientationLandscapeRight";
				INFOPLIST_KEY_UISupportedInterfaceOrientations_iPhone = "UIInterfaceOrientationPortrait UIInterfaceOrientationLandscapeLeft UIInterfaceOrientationLandscapeRight";
				LD_RUNPATH_SEARCH_PATHS = (
					"$(inherited)",
					"@executable_path/Frameworks",
				);
				MARKETING_VERSION = 1.0;
				PRODUCT_BUNDLE_IDENTIFIER = "com.nkstar.Wanted-Mission";
				PRODUCT_NAME = "$(TARGET_NAME)";
				SWIFT_EMIT_LOC_STRINGS = YES;
				SWIFT_VERSION = 5.0;
				TARGETED_DEVICE_FAMILY = "1,2";
			};
			name = Debug;
		};
		AFAAE7BE299E3E01002C50E0 /* Release */ = {
			isa = XCBuildConfiguration;
			baseConfigurationReference = F09DD4E690C1B8015CAF5FA5 /* Pods-Wanted Mission.release.xcconfig */;
			buildSettings = {
				ASSETCATALOG_COMPILER_APPICON_NAME = AppIcon;
				ASSETCATALOG_COMPILER_GLOBAL_ACCENT_COLOR_NAME = AccentColor;
				CODE_SIGN_STYLE = Automatic;
				CURRENT_PROJECT_VERSION = 1;
				DEVELOPMENT_TEAM = 3MPUPGQ33J;
				GENERATE_INFOPLIST_FILE = YES;
				INFOPLIST_FILE = "Wanted Mission/Info.plist";
				INFOPLIST_KEY_UIApplicationSupportsIndirectInputEvents = YES;
				INFOPLIST_KEY_UILaunchStoryboardName = LaunchScreen;
				INFOPLIST_KEY_UIMainStoryboardFile = Main;
				INFOPLIST_KEY_UISupportedInterfaceOrientations_iPad = "UIInterfaceOrientationPortrait UIInterfaceOrientationPortraitUpsideDown UIInterfaceOrientationLandscapeLeft UIInterfaceOrientationLandscapeRight";
				INFOPLIST_KEY_UISupportedInterfaceOrientations_iPhone = "UIInterfaceOrientationPortrait UIInterfaceOrientationLandscapeLeft UIInterfaceOrientationLandscapeRight";
				LD_RUNPATH_SEARCH_PATHS = (
					"$(inherited)",
					"@executable_path/Frameworks",
				);
				MARKETING_VERSION = 1.0;
				PRODUCT_BUNDLE_IDENTIFIER = "com.nkstar.Wanted-Mission";
				PRODUCT_NAME = "$(TARGET_NAME)";
				SWIFT_EMIT_LOC_STRINGS = YES;
				SWIFT_VERSION = 5.0;
				TARGETED_DEVICE_FAMILY = "1,2";
			};
			name = Release;
		};
/* End XCBuildConfiguration section */

/* Begin XCConfigurationList section */
		AFAAE7A3299E3DFF002C50E0 /* Build configuration list for PBXProject "Wanted Mission" */ = {
			isa = XCConfigurationList;
			buildConfigurations = (
				AFAAE7BA299E3E01002C50E0 /* Debug */,
				AFAAE7BB299E3E01002C50E0 /* Release */,
			);
			defaultConfigurationIsVisible = 0;
			defaultConfigurationName = Release;
		};
		AFAAE7BC299E3E01002C50E0 /* Build configuration list for PBXNativeTarget "Wanted Mission" */ = {
			isa = XCConfigurationList;
			buildConfigurations = (
				AFAAE7BD299E3E01002C50E0 /* Debug */,
				AFAAE7BE299E3E01002C50E0 /* Release */,
			);
			defaultConfigurationIsVisible = 0;
			defaultConfigurationName = Release;
		};
/* End XCConfigurationList section */
	};
	rootObject = AFAAE7A0299E3DFF002C50E0 /* Project object */;
}
